// !$*UTF8*$!
{
	archiveVersion = 1;
	classes = {
	};
	objectVersion = 56;
	objects = {

/* Begin PBXBuildFile section */
		B1000001222222220000001 /* ShannuABCApp.swift in Sources */ = {isa = PBXBuildFile; fileRef = B1000001111111110000001 /* ShannuABCApp.swift */; };
		B1000001222222220000002 /* ContentView.swift in Sources */ = {isa = PBXBuildFile; fileRef = B1000001111111110000002 /* ContentView.swift */; };
		B1000001222222220000006 /* Assets.xcassets in Resources */ = {isa = PBXBuildFile; fileRef = B1000001111111110000006 /* Assets.xcassets */; };
		B1000001222222220000007 /* Web in Resources */ = {isa = PBXBuildFile; fileRef = B1000001111111110000010 /* Web */; };
/* End PBXBuildFile section */

/* Begin PBXFileReference section */
		B1000001111111110000001 /* ShannuABCApp.swift */ = {isa = PBXFileReference; lastKnownFileType = sourcecode.swift; path = ShannuABCApp.swift; sourceTree = "<group>"; };
		B1000001111111110000002 /* ContentView.swift */ = {isa = PBXFileReference; lastKnownFileType = sourcecode.swift; path = ContentView.swift; sourceTree = "<group>"; };
		B1000001111111110000006 /* Assets.xcassets */ = {isa = PBXFileReference; lastKnownFileType = folder.assetcatalog; path = Assets.xcassets; sourceTree = "<group>"; };
		B1000001111111110000007 /* ShannuABC-iOS.app */ = {isa = PBXFileReference; explicitFileType = wrapper.application; includeInIndex = 0; path = "ShannuABC-iOS.app"; sourceTree = BUILT_PRODUCTS_DIR; };
		B1000001111111110000010 /* Web */ = {isa = PBXFileReference; lastKnownFileType = folder; path = Web; sourceTree = "<group>"; };
/* End PBXFileReference section */

/* Begin PBXFrameworksBuildPhase section */
		B1000001333333330000001 /* Frameworks */ = {
			isa = PBXFrameworksBuildPhase;
			buildActionMask = 2147483647;
			files = (
			);
			runOnlyForDeploymentPostprocessing = 0;
		};
/* End PBXFrameworksBuildPhase section */

/* Begin PBXGroup section */
		B1000001444444440000001 = {
			isa = PBXGroup;
			children = (
				B1000001444444440000002 /* ShannuABC-iOS */,
				B1000001444444440000003 /* Products */,
			);
			sourceTree = "<group>";
		};
		B1000001444444440000002 /* ShannuABC-iOS */ = {
			isa = PBXGroup;
			children = (
				B1000001111111110000001 /* ShannuABCApp.swift */,
				B1000001111111110000002 /* ContentView.swift */,
				B1000001111111110000006 /* Assets.xcassets */,
				B1000001111111110000010 /* Web */,
			);
			path = "ShannuABC-iOS";
			sourceTree = "<group>";
		};
		B1000001444444440000003 /* Products */ = {
			isa = PBXGroup;
			children = (
				B1000001111111110000007 /* ShannuABC-iOS.app */,
			);
			name = Products;
			sourceTree = "<group>";
		};
/* End PBXGroup section */

/* Begin PBXNativeTarget section */
		B1000001555555550000001 /* ShannuABC-iOS */ = {
			isa = PBXNativeTarget;
			buildConfigurationList = B1000001666666660000001 /* Build configuration list for PBXNativeTarget "ShannuABC-iOS" */;
			buildPhases = (
				B1000001555555550000002 /* Sources */,
				B1000001333333330000001 /* Frameworks */,
				B1000001555555550000003 /* Resources */,
			);
			buildRules = (
			);
			dependencies = (
			);
			name = "ShannuABC-iOS";
			productName = "ShannuABC-iOS";
			productReference = B1000001111111110000007 /* ShannuABC-iOS.app */;
			productType = "com.apple.product-type.application";
		};
/* End PBXNativeTarget section */

/* Begin PBXProject section */
		B1000001777777770000001 /* Project object */ = {
			isa = PBXProject;
			attributes = {
				BuildIndependentTargetsInParallel = 1;
				LastSwiftUpdateCheck = 1500;
				LastUpgradeCheck = 2630;
				TargetAttributes = {
					B1000001555555550000001 = {
						CreatedOnToolsVersion = 15.0;
					};
				};
			};
			buildConfigurationList = B1000001666666660000002 /* Build configuration list for PBXProject "ShannuABC-iOS" */;
			compatibilityVersion = "Xcode 14.0";
			developmentRegion = en;
			hasScannedForEncodings = 0;
			knownRegions = (
				en,
				Base,
			);
			mainGroup = B1000001444444440000001;
			productRefGroup = B1000001444444440000003 /* Products */;
			projectDirPath = "";
			projectRoot = "";
			targets = (
				B1000001555555550000001 /* ShannuABC-iOS */,
			);
		};
/* End PBXProject section */

/* Begin PBXResourcesBuildPhase section */
		B1000001555555550000003 /* Resources */ = {
			isa = PBXResourcesBuildPhase;
			buildActionMask = 2147483647;
			files = (
				B1000001222222220000006 /* Assets.xcassets in Resources */,
				B1000001222222220000007 /* Web in Resources */,
			);
			runOnlyForDeploymentPostprocessing = 0;
		};
/* End PBXResourcesBuildPhase section */

/* Begin PBXSourcesBuildPhase section */
		B1000001555555550000002 /* Sources */ = {
			isa = PBXSourcesBuildPhase;
			buildActionMask = 2147483647;
			files = (
				B1000001222222220000001 /* ShannuABCApp.swift in Sources */,
				B1000001222222220000002 /* ContentView.swift in Sources */,
			);
			runOnlyForDeploymentPostprocessing = 0;
		};
/* End PBXSourcesBuildPhase section */

/* Begin XCBuildConfiguration section */
		B1000001888888880000001 /* Debug */ = {
			isa = XCBuildConfiguration;
			buildSettings = {
				ALWAYS_SEARCH_USER_PATHS = NO;
				ASSETCATALOG_COMPILER_GENERATE_SWIFT_ASSET_SYMBOL_EXTENSIONS = YES;
				CLANG_ANALYZER_NONNULL = YES;
				CLANG_ENABLE_MODULES = YES;
				CLANG_ENABLE_OBJC_ARC = YES;
				COPY_PHASE_STRIP = NO;
				DEBUG_INFORMATION_FORMAT = dwarf;
				ENABLE_STRICT_OBJC_MSGSEND = YES;
				GCC_OPTIMIZATION_LEVEL = 0;
				IPHONEOS_DEPLOYMENT_TARGET = 15.0;
				MTL_ENABLE_DEBUG_INFO = INCLUDE_SOURCE;
				ONLY_ACTIVE_ARCH = YES;
				SDKROOT = iphoneos;
				SWIFT_ACTIVE_COMPILATION_CONDITIONS = "DEBUG $(inherited)";
				SWIFT_OPTIMIZATION_LEVEL = "-Onone";
			};
			name = Debug;
		};
		B1000001888888880000002 /* Release */ = {
			isa = XCBuildConfiguration;
			buildSettings = {
				ALWAYS_SEARCH_USER_PATHS = NO;
				ASSETCATALOG_COMPILER_GENERATE_SWIFT_ASSET_SYMBOL_EXTENSIONS = YES;
				CLANG_ANALYZER_NONNULL = YES;
				CLANG_ENABLE_MODULES = YES;
				CLANG_ENABLE_OBJC_ARC = YES;
				COPY_PHASE_STRIP = NO;
				DEBUG_INFORMATION_FORMAT = "dwarf-with-dsym";
				ENABLE_NS_ASSERTIONS = NO;
				ENABLE_STRICT_OBJC_MSGSEND = YES;
				IPHONEOS_DEPLOYMENT_TARGET = 15.0;
				MTL_ENABLE_DEBUG_INFO = NO;
				SDKROOT = iphoneos;
				SWIFT_COMPILATION_MODE = wholemodule;
				VALIDATE_PRODUCT = YES;
			};
			name = Release;
		};
		B1000001888888880000003 /* Debug */ = {
			isa = XCBuildConfiguration;
			buildSettings = {
				ASSETCATALOG_COMPILER_APPICON_NAME = AppIcon;
				CODE_SIGN_STYLE = Automatic;
				CURRENT_PROJECT_VERSION = 1;
				DEVELOPMENT_TEAM = 2FKKP67M2N;
				GENERATE_INFOPLIST_FILE = YES;
				INFOPLIST_KEY_UIApplicationSceneManifest_Generation = YES;
				INFOPLIST_KEY_UIApplicationSupportsIndirectInputEvents = YES;
				INFOPLIST_KEY_UILaunchScreen_Generation = YES;
				INFOPLIST_KEY_UISupportedInterfaceOrientations = "UIInterfaceOrientationPortrait UIInterfaceOrientationLandscapeLeft UIInterfaceOrientationLandscapeRight";
				LD_RUNPATH_SEARCH_PATHS = (
					"$(inherited)",
					"@executable_path/Frameworks",
				);
				MARKETING_VERSION = 1.0;
				PRODUCT_BUNDLE_IDENTIFIER = com.Mounika.ShannuABC;
				PRODUCT_NAME = "$(TARGET_NAME)";
				SWIFT_EMIT_LOC_STRINGS = YES;
				SWIFT_VERSION = 5.0;
				TARGETED_DEVICE_FAMILY = "1,2";
			};
			name = Debug;
		};
		B1000001888888880000004 /* Release */ = {
			isa = XCBuildConfiguration;
			buildSettings = {
				ASSETCATALOG_COMPILER_APPICON_NAME = AppIcon;
				CODE_SIGN_STYLE = Automatic;
				CURRENT_PROJECT_VERSION = 1;
				DEVELOPMENT_TEAM = 2FKKP67M2N;
				GENERATE_INFOPLIST_FILE = YES;
				INFOPLIST_KEY_UIApplicationSceneManifest_Generation = YES;
				INFOPLIST_KEY_UIApplicationSupportsIndirectInputEvents = YES;
				INFOPLIST_KEY_UILaunchScreen_Generation = YES;
				INFOPLIST_KEY_UISupportedInterfaceOrientations = "UIInterfaceOrientationPortrait UIInterfaceOrientationLandscapeLeft UIInterfaceOrientationLandscapeRight";
				LD_RUNPATH_SEARCH_PATHS = (
					"$(inherited)",
					"@executable_path/Frameworks",
				);
				MARKETING_VERSION = 1.0;
				PRODUCT_BUNDLE_IDENTIFIER = com.Mounika.ShannuABC;
				PRODUCT_NAME = "$(TARGET_NAME)";
				SWIFT_EMIT_LOC_STRINGS = YES;
				SWIFT_VERSION = 5.0;
				TARGETED_DEVICE_FAMILY = "1,2";
			};
			name = Release;
		};
/* End XCBuildConfiguration section */

/* Begin XCConfigurationList section */
		B1000001666666660000001 /* Build configuration list for PBXNativeTarget "ShannuABC-iOS" */ = {
			isa = XCConfigurationList;
			buildConfigurations = (
				B1000001888888880000003 /* Debug */,
				B1000001888888880000004 /* Release */,
			);
			defaultConfigurationIsVisible = 0;
			defaultConfigurationName = Release;
		};
		B1000001666666660000002 /* Build configuration list for PBXProject "ShannuABC-iOS" */ = {
			isa = XCConfigurationList;
			buildConfigurations = (
				B1000001888888880000001 /* Debug */,
				B1000001888888880000002 /* Release */,
			);
			defaultConfigurationIsVisible = 0;
			defaultConfigurationName = Release;
		};
/* End XCConfigurationList section */
	};
	rootObject = B1000001777777770000001 /* Project object */;
}
